
Microsoft Visual Studio Solution File, Format Version 12.00
# Visual Studio Version 17
VisualStudioVersion = 17.1.32328.378
MinimumVisualStudioVersion = 10.0.40219.1
Project("{FAE04EC0-301F-11D3-BF4B-00C04F79EFBC}") = "1.Arrays", "Arrays\1.Arrays.csproj", "{00A6255C-2231-4319-BB55-66FB3FA22AA8}"
EndProject
Project("{FAE04EC0-301F-11D3-BF4B-00C04F79EFBC}") = "3.Stack", "StackArray\3.Stack.csproj", "{E0449136-EFAB-4F4B-BB15-5300EB1B6C33}"
EndProject
Project("{FAE04EC0-301F-11D3-BF4B-00C04F79EFBC}") = "2.Queue", "Queue\2.Queue.csproj", "{9C3F8C0D-B67E-4925-BB05-80C349B1562F}"
EndProject
Project("{FAE04EC0-301F-11D3-BF4B-00C04F79EFBC}") = "4.Sort_Insertion", "Sort_Insertion\4.Sort_Insertion.csproj", "{94D58C72-5370-4206-A513-372FBB5E91FC}"
EndProject
Project("{2150E333-8FDC-42A3-9474-1A3956D46DE8}") = "AlgoMonster", "AlgoMonster", "{C6B6059A-C122-4113-A835-9DB78143F7D4}"
EndProject
Project("{2150E333-8FDC-42A3-9474-1A3956D46DE8}") = "B2BSWE", "B2BSWE", "{EF118BD0-1176-4BF6-9831-6C92289DAD7D}"
EndProject
Project("{FAE04EC0-301F-11D3-BF4B-00C04F79EFBC}") = "Primitives.1.Palindrome", "1.Palindrome\Primitives.1.Palindrome.csproj", "{D25ADCD1-E9D7-4CBB-8591-18C12760655C}"
EndProject
Project("{FAE04EC0-301F-11D3-BF4B-00C04F79EFBC}") = "Primitives.2.BitwiswReverse", "2.BitwiswReverse\Primitives.2.BitwiswReverse.csproj", "{1947225F-F580-4596-9525-D2DD2A3AD756}"
EndProject
Project("{FAE04EC0-301F-11D3-BF4B-00C04F79EFBC}") = "Primitives.3.PowerOfTwo", "3.PowerOfTwo\Primitives.3.PowerOfTwo.csproj", "{8F894C3D-81F1-4B9A-B08E-FB81DC9F099B}"
EndProject
Project("{FAE04EC0-301F-11D3-BF4B-00C04F79EFBC}") = "Primitives.4.AddStrings", "4.AddStrings\Primitives.4.AddStrings.csproj", "{C8AB5CA3-92FD-4965-9B4C-C648EFD8CA87}"
EndProject
Project("{FAE04EC0-301F-11D3-BF4B-00C04F79EFBC}") = "Primitives.5.MinimumTimeDifference", "5.MinimumTimeDifference\Primitives.5.MinimumTimeDifference.csproj", "{B925F3CF-9900-4B8B-BF4E-C8BAFE893ED8}"
EndProject
Project("{FAE04EC0-301F-11D3-BF4B-00C04F79EFBC}") = "Arrays.1.Rotating2DMatrix", "Arrays.1.Rotating2DMatrix\Arrays.1.Rotating2DMatrix.csproj", "{F7E7C87D-EFFE-4CA0-B824-CD05332524D8}"
EndProject
Project("{2150E333-8FDC-42A3-9474-1A3956D46DE8}") = "1_Primitives", "1_Primitives", "{9F558590-4355-407C-ABD0-C2A4CFFDDBDA}"
EndProject
Project("{2150E333-8FDC-42A3-9474-1A3956D46DE8}") = "2_Arrays", "2_Arrays", "{AD50D544-C589-453C-9F28-77AEC70C242B}"
EndProject
Project("{FAE04EC0-301F-11D3-BF4B-00C04F79EFBC}") = "Arrays.2.ThreeSumProblem", "2.ThreeSumProblem\Arrays.2.ThreeSumProblem.csproj", "{B48CD2B2-4E93-4109-963E-243EF960996A}"
EndProject
Project("{FAE04EC0-301F-11D3-BF4B-00C04F79EFBC}") = "HashSetOfClass", "HashSetOfClass\HashSetOfClass.csproj", "{EB332FAE-29E1-42A0-B3C7-59A520C82D1D}"
EndProject
Project("{2150E333-8FDC-42A3-9474-1A3956D46DE8}") = "Playground", "Playground", "{46185937-F376-4BB2-A5C8-3B88479DC857}"
EndProject
Project("{FAE04EC0-301F-11D3-BF4B-00C04F79EFBC}") = "Arrays.3.EnumeratePrimes", "Array.EnumeratePrimes\Arrays.3.EnumeratePrimes.csproj", "{0A26B441-7F0A-4733-85A4-B433AE9F8131}"
EndProject
Project("{FAE04EC0-301F-11D3-BF4B-00C04F79EFBC}") = "Arrays.4.ValidSudoku", "Arrays.4.ValidSudoku\Arrays.4.ValidSudoku.csproj", "{238A41BA-7C1F-4DF8-9C9A-BD988D89C775}"
EndProject
Project("{FAE04EC0-301F-11D3-BF4B-00C04F79EFBC}") = "Strings.1.PatternMatching", "Arrays.5.PatternMatching\Strings.1.PatternMatching.csproj", "{21CBEAF1-34B8-447A-8EAB-12EE1649F9ED}"
EndProject
Project("{2150E333-8FDC-42A3-9474-1A3956D46DE8}") = "3_Strings", "3_Strings", "{D12C5071-FECF-4531-B913-1A6BFD6EC53B}"
EndProject
Project("{FAE04EC0-301F-11D3-BF4B-00C04F79EFBC}") = "Strings.2.LongestPalindrome", "Strings.2.LongestPalindrome\Strings.2.LongestPalindrome.csproj", "{F984F8DD-E10C-43B7-A063-A4B8C938E662}"
EndProject
Project("{FAE04EC0-301F-11D3-BF4B-00C04F79EFBC}") = "Strings.3.ZagZag", "Strings.2.ZagZag\Strings.3.ZagZag.csproj", "{163BF2C1-923F-4575-9A01-AE3619A06DE5}"
EndProject
Project("{FAE04EC0-301F-11D3-BF4B-00C04F79EFBC}") = "Strings.4.AddBinaryStrings", "Strings.4.AddBinaryStrings\Strings.4.AddBinaryStrings.csproj", "{C349AF30-5806-4022-8C6E-4B5D1FFC33D1}"
EndProject
Project("{FAE04EC0-301F-11D3-BF4B-00C04F79EFBC}") = "Strings.5.ValidPalindrome", "Strings.5.ValidPalindrome\Strings.5.ValidPalindrome.csproj", "{DD2BDF3B-508E-4A2A-8A3A-AA5DDA67F1D7}"
EndProject
Project("{FAE04EC0-301F-11D3-BF4B-00C04F79EFBC}") = "Strings.6.ReplaceWordsPrefix", "Strings.6.ReplaceWordsPrefix\Strings.6.ReplaceWordsPrefix.csproj", "{BB23BDEB-FAAF-49E6-9108-13CEA8C28A9A}"
EndProject
Project("{FAE04EC0-301F-11D3-BF4B-00C04F79EFBC}") = "Crypt", "Crypt\Crypt.csproj", "{C6C2FE13-D9BC-4C82-BCAE-C6B5BD4DD5AF}"
EndProject
Project("{2150E333-8FDC-42A3-9474-1A3956D46DE8}") = "4_LinkedLists", "4_LinkedLists", "{C481ADA7-5F19-4617-8D35-CF6848FE6C53}"
EndProject
Project("{FAE04EC0-301F-11D3-BF4B-00C04F79EFBC}") = "LinkedLists.1.fundamentals", "LinkedLists.1.fundamentals\LinkedLists.1.fundamentals.csproj", "{8A2E3CCC-2598-4A25-815C-13D0CDD2F5E1}"
EndProject
Project("{FAE04EC0-301F-11D3-BF4B-00C04F79EFBC}") = "LinkedLists.2.DesignALinkedList", "LinkedLists.2.DesignALinkedList\LinkedLists.2.DesignALinkedList.csproj", "{DF9A22C5-D734-4E36-AFCD-EA7EECED9C86}"
EndProject
Project("{FAE04EC0-301F-11D3-BF4B-00C04F79EFBC}") = "LinkedLists.3.EvenOddPartition", "LinkedLists.3.EvenOddPartition\LinkedLists.3.EvenOddPartition.csproj", "{906DE751-363D-46A6-A928-C6F967005AE1}"
EndProject
Project("{FAE04EC0-301F-11D3-BF4B-00C04F79EFBC}") = "LinkedLists.4.OverlappingLists", "LinkedLists.4.OverlappingLists\LinkedLists.4.OverlappingLists.csproj", "{C478F37A-0BA1-40F4-8D78-2F8A01F64F22}"
EndProject
Project("{FAE04EC0-301F-11D3-BF4B-00C04F79EFBC}") = "LinkedLists.5.RemovekthToLastNode", "RemovekthToLastNode\LinkedLists.5.RemovekthToLastNode.csproj", "{0B77020D-7E17-4703-93CC-608140B4A7F3}"
EndProject
Project("{FAE04EC0-301F-11D3-BF4B-00C04F79EFBC}") = "LinkedLists.6.RightShiftList", "LinkedLists.6.RightShiftList\LinkedLists.6.RightShiftList.csproj", "{462EEAE2-4A55-4C2A-941C-281EA42669CC}"
EndProject
Project("{FAE04EC0-301F-11D3-BF4B-00C04F79EFBC}") = "LinkedLists.7.AddIntegersAsList", "LinkedLists.7.AddIntegersAsList\LinkedLists.7.AddIntegersAsList.csproj", "{62682A01-B18D-4599-B41B-330B68C6122A}"
EndProject
Project("{2150E333-8FDC-42A3-9474-1A3956D46DE8}") = "5_StackQueue", "5_StackQueue", "{C33DEBB7-BEB2-4F5D-BDEF-A8FE1D940B3D}"
EndProject
Project("{FAE04EC0-301F-11D3-BF4B-00C04F79EFBC}") = "StackQueue.1.BalancedParentheses", "StackQueue.1.BalancedParentheses\StackQueue.1.BalancedParentheses.csproj", "{5E6AD01C-919F-43AE-BF5D-1A15476D4B80}"
EndProject
Project("{FAE04EC0-301F-11D3-BF4B-00C04F79EFBC}") = "StackQueue.2ComputeBuildingWithSunset", "StackQueue.2ComputeBuildingWithSunset\StackQueue.2ComputeBuildingWithSunset.csproj", "{15B4AA40-EB1E-4111-A5FA-84762332C265}"
EndProject
Project("{2150E333-8FDC-42A3-9474-1A3956D46DE8}") = "6_Trees", "6_Trees", "{AB845C51-448F-4841-B51F-AB0E0027243A}"
EndProject
Project("{FAE04EC0-301F-11D3-BF4B-00C04F79EFBC}") = "Tree.1.BinaryTreeSymmetric", "Tree.1.BinaryTreeSymmetric\Tree.1.BinaryTreeSymmetric.csproj", "{A9310FCC-6DB4-48F5-8BE2-8FF01F1DB108}"
EndProject
Project("{FAE04EC0-301F-11D3-BF4B-00C04F79EFBC}") = "Tree.0.Fundamentals", "Trees.0.Fundamentals\Tree.0.Fundamentals.csproj", "{72A18901-8FB6-42D0-A6EC-5BA39F4B8479}"
EndProject
Global
	GlobalSection(SolutionConfigurationPlatforms) = preSolution
		Debug|Any CPU = Debug|Any CPU
		Release|Any CPU = Release|Any CPU
	EndGlobalSection
	GlobalSection(ProjectConfigurationPlatforms) = postSolution
		{00A6255C-2231-4319-BB55-66FB3FA22AA8}.Debug|Any CPU.ActiveCfg = Debug|Any CPU
		{00A6255C-2231-4319-BB55-66FB3FA22AA8}.Debug|Any CPU.Build.0 = Debug|Any CPU
		{00A6255C-2231-4319-BB55-66FB3FA22AA8}.Release|Any CPU.ActiveCfg = Release|Any CPU
		{00A6255C-2231-4319-BB55-66FB3FA22AA8}.Release|Any CPU.Build.0 = Release|Any CPU
		{E0449136-EFAB-4F4B-BB15-5300EB1B6C33}.Debug|Any CPU.ActiveCfg = Debug|Any CPU
		{E0449136-EFAB-4F4B-BB15-5300EB1B6C33}.Debug|Any CPU.Build.0 = Debug|Any CPU
		{E0449136-EFAB-4F4B-BB15-5300EB1B6C33}.Release|Any CPU.ActiveCfg = Release|Any CPU
		{E0449136-EFAB-4F4B-BB15-5300EB1B6C33}.Release|Any CPU.Build.0 = Release|Any CPU
		{9C3F8C0D-B67E-4925-BB05-80C349B1562F}.Debug|Any CPU.ActiveCfg = Debug|Any CPU
		{9C3F8C0D-B67E-4925-BB05-80C349B1562F}.Debug|Any CPU.Build.0 = Debug|Any CPU
		{9C3F8C0D-B67E-4925-BB05-80C349B1562F}.Release|Any CPU.ActiveCfg = Release|Any CPU
		{9C3F8C0D-B67E-4925-BB05-80C349B1562F}.Release|Any CPU.Build.0 = Release|Any CPU
		{94D58C72-5370-4206-A513-372FBB5E91FC}.Debug|Any CPU.ActiveCfg = Debug|Any CPU
		{94D58C72-5370-4206-A513-372FBB5E91FC}.Debug|Any CPU.Build.0 = Debug|Any CPU
		{94D58C72-5370-4206-A513-372FBB5E91FC}.Release|Any CPU.ActiveCfg = Release|Any CPU
		{94D58C72-5370-4206-A513-372FBB5E91FC}.Release|Any CPU.Build.0 = Release|Any CPU
		{D25ADCD1-E9D7-4CBB-8591-18C12760655C}.Debug|Any CPU.ActiveCfg = Debug|Any CPU
		{D25ADCD1-E9D7-4CBB-8591-18C12760655C}.Debug|Any CPU.Build.0 = Debug|Any CPU
		{D25ADCD1-E9D7-4CBB-8591-18C12760655C}.Release|Any CPU.ActiveCfg = Release|Any CPU
		{D25ADCD1-E9D7-4CBB-8591-18C12760655C}.Release|Any CPU.Build.0 = Release|Any CPU
		{1947225F-F580-4596-9525-D2DD2A3AD756}.Debug|Any CPU.ActiveCfg = Debug|Any CPU
		{1947225F-F580-4596-9525-D2DD2A3AD756}.Debug|Any CPU.Build.0 = Debug|Any CPU
		{1947225F-F580-4596-9525-D2DD2A3AD756}.Release|Any CPU.ActiveCfg = Release|Any CPU
		{1947225F-F580-4596-9525-D2DD2A3AD756}.Release|Any CPU.Build.0 = Release|Any CPU
		{8F894C3D-81F1-4B9A-B08E-FB81DC9F099B}.Debug|Any CPU.ActiveCfg = Debug|Any CPU
		{8F894C3D-81F1-4B9A-B08E-FB81DC9F099B}.Debug|Any CPU.Build.0 = Debug|Any CPU
		{8F894C3D-81F1-4B9A-B08E-FB81DC9F099B}.Release|Any CPU.ActiveCfg = Release|Any CPU
		{8F894C3D-81F1-4B9A-B08E-FB81DC9F099B}.Release|Any CPU.Build.0 = Release|Any CPU
		{C8AB5CA3-92FD-4965-9B4C-C648EFD8CA87}.Debug|Any CPU.ActiveCfg = Debug|Any CPU
		{C8AB5CA3-92FD-4965-9B4C-C648EFD8CA87}.Debug|Any CPU.Build.0 = Debug|Any CPU
		{C8AB5CA3-92FD-4965-9B4C-C648EFD8CA87}.Release|Any CPU.ActiveCfg = Release|Any CPU
		{C8AB5CA3-92FD-4965-9B4C-C648EFD8CA87}.Release|Any CPU.Build.0 = Release|Any CPU
		{B925F3CF-9900-4B8B-BF4E-C8BAFE893ED8}.Debug|Any CPU.ActiveCfg = Debug|Any CPU
		{B925F3CF-9900-4B8B-BF4E-C8BAFE893ED8}.Debug|Any CPU.Build.0 = Debug|Any CPU
		{B925F3CF-9900-4B8B-BF4E-C8BAFE893ED8}.Release|Any CPU.ActiveCfg = Release|Any CPU
		{B925F3CF-9900-4B8B-BF4E-C8BAFE893ED8}.Release|Any CPU.Build.0 = Release|Any CPU
		{F7E7C87D-EFFE-4CA0-B824-CD05332524D8}.Debug|Any CPU.ActiveCfg = Debug|Any CPU
		{F7E7C87D-EFFE-4CA0-B824-CD05332524D8}.Debug|Any CPU.Build.0 = Debug|Any CPU
		{F7E7C87D-EFFE-4CA0-B824-CD05332524D8}.Release|Any CPU.ActiveCfg = Release|Any CPU
		{F7E7C87D-EFFE-4CA0-B824-CD05332524D8}.Release|Any CPU.Build.0 = Release|Any CPU
		{B48CD2B2-4E93-4109-963E-243EF960996A}.Debug|Any CPU.ActiveCfg = Debug|Any CPU
		{B48CD2B2-4E93-4109-963E-243EF960996A}.Debug|Any CPU.Build.0 = Debug|Any CPU
		{B48CD2B2-4E93-4109-963E-243EF960996A}.Release|Any CPU.ActiveCfg = Release|Any CPU
		{B48CD2B2-4E93-4109-963E-243EF960996A}.Release|Any CPU.Build.0 = Release|Any CPU
		{EB332FAE-29E1-42A0-B3C7-59A520C82D1D}.Debug|Any CPU.ActiveCfg = Debug|Any CPU
		{EB332FAE-29E1-42A0-B3C7-59A520C82D1D}.Debug|Any CPU.Build.0 = Debug|Any CPU
		{EB332FAE-29E1-42A0-B3C7-59A520C82D1D}.Release|Any CPU.ActiveCfg = Release|Any CPU
		{EB332FAE-29E1-42A0-B3C7-59A520C82D1D}.Release|Any CPU.Build.0 = Release|Any CPU
		{0A26B441-7F0A-4733-85A4-B433AE9F8131}.Debug|Any CPU.ActiveCfg = Debug|Any CPU
		{0A26B441-7F0A-4733-85A4-B433AE9F8131}.Debug|Any CPU.Build.0 = Debug|Any CPU
		{0A26B441-7F0A-4733-85A4-B433AE9F8131}.Release|Any CPU.ActiveCfg = Release|Any CPU
		{0A26B441-7F0A-4733-85A4-B433AE9F8131}.Release|Any CPU.Build.0 = Release|Any CPU
		{238A41BA-7C1F-4DF8-9C9A-BD988D89C775}.Debug|Any CPU.ActiveCfg = Debug|Any CPU
		{238A41BA-7C1F-4DF8-9C9A-BD988D89C775}.Debug|Any CPU.Build.0 = Debug|Any CPU
		{238A41BA-7C1F-4DF8-9C9A-BD988D89C775}.Release|Any CPU.ActiveCfg = Release|Any CPU
		{238A41BA-7C1F-4DF8-9C9A-BD988D89C775}.Release|Any CPU.Build.0 = Release|Any CPU
		{21CBEAF1-34B8-447A-8EAB-12EE1649F9ED}.Debug|Any CPU.ActiveCfg = Debug|Any CPU
		{21CBEAF1-34B8-447A-8EAB-12EE1649F9ED}.Debug|Any CPU.Build.0 = Debug|Any CPU
		{21CBEAF1-34B8-447A-8EAB-12EE1649F9ED}.Release|Any CPU.ActiveCfg = Release|Any CPU
		{21CBEAF1-34B8-447A-8EAB-12EE1649F9ED}.Release|Any CPU.Build.0 = Release|Any CPU
		{F984F8DD-E10C-43B7-A063-A4B8C938E662}.Debug|Any CPU.ActiveCfg = Debug|Any CPU
		{F984F8DD-E10C-43B7-A063-A4B8C938E662}.Debug|Any CPU.Build.0 = Debug|Any CPU
		{F984F8DD-E10C-43B7-A063-A4B8C938E662}.Release|Any CPU.ActiveCfg = Release|Any CPU
		{F984F8DD-E10C-43B7-A063-A4B8C938E662}.Release|Any CPU.Build.0 = Release|Any CPU
		{163BF2C1-923F-4575-9A01-AE3619A06DE5}.Debug|Any CPU.ActiveCfg = Debug|Any CPU
		{163BF2C1-923F-4575-9A01-AE3619A06DE5}.Debug|Any CPU.Build.0 = Debug|Any CPU
		{163BF2C1-923F-4575-9A01-AE3619A06DE5}.Release|Any CPU.ActiveCfg = Release|Any CPU
		{163BF2C1-923F-4575-9A01-AE3619A06DE5}.Release|Any CPU.Build.0 = Release|Any CPU
		{C349AF30-5806-4022-8C6E-4B5D1FFC33D1}.Debug|Any CPU.ActiveCfg = Debug|Any CPU
		{C349AF30-5806-4022-8C6E-4B5D1FFC33D1}.Debug|Any CPU.Build.0 = Debug|Any CPU
		{C349AF30-5806-4022-8C6E-4B5D1FFC33D1}.Release|Any CPU.ActiveCfg = Release|Any CPU
		{C349AF30-5806-4022-8C6E-4B5D1FFC33D1}.Release|Any CPU.Build.0 = Release|Any CPU
		{DD2BDF3B-508E-4A2A-8A3A-AA5DDA67F1D7}.Debug|Any CPU.ActiveCfg = Debug|Any CPU
		{DD2BDF3B-508E-4A2A-8A3A-AA5DDA67F1D7}.Debug|Any CPU.Build.0 = Debug|Any CPU
		{DD2BDF3B-508E-4A2A-8A3A-AA5DDA67F1D7}.Release|Any CPU.ActiveCfg = Release|Any CPU
		{DD2BDF3B-508E-4A2A-8A3A-AA5DDA67F1D7}.Release|Any CPU.Build.0 = Release|Any CPU
		{BB23BDEB-FAAF-49E6-9108-13CEA8C28A9A}.Debug|Any CPU.ActiveCfg = Debug|Any CPU
		{BB23BDEB-FAAF-49E6-9108-13CEA8C28A9A}.Debug|Any CPU.Build.0 = Debug|Any CPU
		{BB23BDEB-FAAF-49E6-9108-13CEA8C28A9A}.Release|Any CPU.ActiveCfg = Release|Any CPU
		{BB23BDEB-FAAF-49E6-9108-13CEA8C28A9A}.Release|Any CPU.Build.0 = Release|Any CPU
		{C6C2FE13-D9BC-4C82-BCAE-C6B5BD4DD5AF}.Debug|Any CPU.ActiveCfg = Debug|Any CPU
		{C6C2FE13-D9BC-4C82-BCAE-C6B5BD4DD5AF}.Debug|Any CPU.Build.0 = Debug|Any CPU
		{C6C2FE13-D9BC-4C82-BCAE-C6B5BD4DD5AF}.Release|Any CPU.ActiveCfg = Release|Any CPU
		{C6C2FE13-D9BC-4C82-BCAE-C6B5BD4DD5AF}.Release|Any CPU.Build.0 = Release|Any CPU
		{8A2E3CCC-2598-4A25-815C-13D0CDD2F5E1}.Debug|Any CPU.ActiveCfg = Debug|Any CPU
		{8A2E3CCC-2598-4A25-815C-13D0CDD2F5E1}.Debug|Any CPU.Build.0 = Debug|Any CPU
		{8A2E3CCC-2598-4A25-815C-13D0CDD2F5E1}.Release|Any CPU.ActiveCfg = Release|Any CPU
		{8A2E3CCC-2598-4A25-815C-13D0CDD2F5E1}.Release|Any CPU.Build.0 = Release|Any CPU
		{DF9A22C5-D734-4E36-AFCD-EA7EECED9C86}.Debug|Any CPU.ActiveCfg = Debug|Any CPU
		{DF9A22C5-D734-4E36-AFCD-EA7EECED9C86}.Debug|Any CPU.Build.0 = Debug|Any CPU
		{DF9A22C5-D734-4E36-AFCD-EA7EECED9C86}.Release|Any CPU.ActiveCfg = Release|Any CPU
		{DF9A22C5-D734-4E36-AFCD-EA7EECED9C86}.Release|Any CPU.Build.0 = Release|Any CPU
		{906DE751-363D-46A6-A928-C6F967005AE1}.Debug|Any CPU.ActiveCfg = Debug|Any CPU
		{906DE751-363D-46A6-A928-C6F967005AE1}.Debug|Any CPU.Build.0 = Debug|Any CPU
		{906DE751-363D-46A6-A928-C6F967005AE1}.Release|Any CPU.ActiveCfg = Release|Any CPU
		{906DE751-363D-46A6-A928-C6F967005AE1}.Release|Any CPU.Build.0 = Release|Any CPU
		{C478F37A-0BA1-40F4-8D78-2F8A01F64F22}.Debug|Any CPU.ActiveCfg = Debug|Any CPU
		{C478F37A-0BA1-40F4-8D78-2F8A01F64F22}.Debug|Any CPU.Build.0 = Debug|Any CPU
		{C478F37A-0BA1-40F4-8D78-2F8A01F64F22}.Release|Any CPU.ActiveCfg = Release|Any CPU
		{C478F37A-0BA1-40F4-8D78-2F8A01F64F22}.Release|Any CPU.Build.0 = Release|Any CPU
		{0B77020D-7E17-4703-93CC-608140B4A7F3}.Debug|Any CPU.ActiveCfg = Debug|Any CPU
		{0B77020D-7E17-4703-93CC-608140B4A7F3}.Debug|Any CPU.Build.0 = Debug|Any CPU
		{0B77020D-7E17-4703-93CC-608140B4A7F3}.Release|Any CPU.ActiveCfg = Release|Any CPU
		{0B77020D-7E17-4703-93CC-608140B4A7F3}.Release|Any CPU.Build.0 = Release|Any CPU
		{462EEAE2-4A55-4C2A-941C-281EA42669CC}.Debug|Any CPU.ActiveCfg = Debug|Any CPU
		{462EEAE2-4A55-4C2A-941C-281EA42669CC}.Debug|Any CPU.Build.0 = Debug|Any CPU
		{462EEAE2-4A55-4C2A-941C-281EA42669CC}.Release|Any CPU.ActiveCfg = Release|Any CPU
		{462EEAE2-4A55-4C2A-941C-281EA42669CC}.Release|Any CPU.Build.0 = Release|Any CPU
		{62682A01-B18D-4599-B41B-330B68C6122A}.Debug|Any CPU.ActiveCfg = Debug|Any CPU
		{62682A01-B18D-4599-B41B-330B68C6122A}.Debug|Any CPU.Build.0 = Debug|Any CPU
		{62682A01-B18D-4599-B41B-330B68C6122A}.Release|Any CPU.ActiveCfg = Release|Any CPU
		{62682A01-B18D-4599-B41B-330B68C6122A}.Release|Any CPU.Build.0 = Release|Any CPU
		{5E6AD01C-919F-43AE-BF5D-1A15476D4B80}.Debug|Any CPU.ActiveCfg = Debug|Any CPU
		{5E6AD01C-919F-43AE-BF5D-1A15476D4B80}.Debug|Any CPU.Build.0 = Debug|Any CPU
		{5E6AD01C-919F-43AE-BF5D-1A15476D4B80}.Release|Any CPU.ActiveCfg = Release|Any CPU
		{5E6AD01C-919F-43AE-BF5D-1A15476D4B80}.Release|Any CPU.Build.0 = Release|Any CPU
		{15B4AA40-EB1E-4111-A5FA-84762332C265}.Debug|Any CPU.ActiveCfg = Debug|Any CPU
		{15B4AA40-EB1E-4111-A5FA-84762332C265}.Debug|Any CPU.Build.0 = Debug|Any CPU
		{15B4AA40-EB1E-4111-A5FA-84762332C265}.Release|Any CPU.ActiveCfg = Release|Any CPU
		{15B4AA40-EB1E-4111-A5FA-84762332C265}.Release|Any CPU.Build.0 = Release|Any CPU
		{A9310FCC-6DB4-48F5-8BE2-8FF01F1DB108}.Debug|Any CPU.ActiveCfg = Debug|Any CPU
		{A9310FCC-6DB4-48F5-8BE2-8FF01F1DB108}.Debug|Any CPU.Build.0 = Debug|Any CPU
		{A9310FCC-6DB4-48F5-8BE2-8FF01F1DB108}.Release|Any CPU.ActiveCfg = Release|Any CPU
		{A9310FCC-6DB4-48F5-8BE2-8FF01F1DB108}.Release|Any CPU.Build.0 = Release|Any CPU
		{72A18901-8FB6-42D0-A6EC-5BA39F4B8479}.Debug|Any CPU.ActiveCfg = Debug|Any CPU
		{72A18901-8FB6-42D0-A6EC-5BA39F4B8479}.Debug|Any CPU.Build.0 = Debug|Any CPU
		{72A18901-8FB6-42D0-A6EC-5BA39F4B8479}.Release|Any CPU.ActiveCfg = Release|Any CPU
		{72A18901-8FB6-42D0-A6EC-5BA39F4B8479}.Release|Any CPU.Build.0 = Release|Any CPU
	EndGlobalSection
	GlobalSection(SolutionProperties) = preSolution
		HideSolutionNode = FALSE
	EndGlobalSection
	GlobalSection(NestedProjects) = preSolution
		{00A6255C-2231-4319-BB55-66FB3FA22AA8} = {C6B6059A-C122-4113-A835-9DB78143F7D4}
		{E0449136-EFAB-4F4B-BB15-5300EB1B6C33} = {C6B6059A-C122-4113-A835-9DB78143F7D4}
		{9C3F8C0D-B67E-4925-BB05-80C349B1562F} = {C6B6059A-C122-4113-A835-9DB78143F7D4}
		{94D58C72-5370-4206-A513-372FBB5E91FC} = {C6B6059A-C122-4113-A835-9DB78143F7D4}
		{D25ADCD1-E9D7-4CBB-8591-18C12760655C} = {9F558590-4355-407C-ABD0-C2A4CFFDDBDA}
		{1947225F-F580-4596-9525-D2DD2A3AD756} = {9F558590-4355-407C-ABD0-C2A4CFFDDBDA}
		{8F894C3D-81F1-4B9A-B08E-FB81DC9F099B} = {9F558590-4355-407C-ABD0-C2A4CFFDDBDA}
		{C8AB5CA3-92FD-4965-9B4C-C648EFD8CA87} = {9F558590-4355-407C-ABD0-C2A4CFFDDBDA}
		{B925F3CF-9900-4B8B-BF4E-C8BAFE893ED8} = {9F558590-4355-407C-ABD0-C2A4CFFDDBDA}
		{F7E7C87D-EFFE-4CA0-B824-CD05332524D8} = {AD50D544-C589-453C-9F28-77AEC70C242B}
		{9F558590-4355-407C-ABD0-C2A4CFFDDBDA} = {EF118BD0-1176-4BF6-9831-6C92289DAD7D}
		{AD50D544-C589-453C-9F28-77AEC70C242B} = {EF118BD0-1176-4BF6-9831-6C92289DAD7D}
		{B48CD2B2-4E93-4109-963E-243EF960996A} = {AD50D544-C589-453C-9F28-77AEC70C242B}
		{EB332FAE-29E1-42A0-B3C7-59A520C82D1D} = {46185937-F376-4BB2-A5C8-3B88479DC857}
		{0A26B441-7F0A-4733-85A4-B433AE9F8131} = {AD50D544-C589-453C-9F28-77AEC70C242B}
		{238A41BA-7C1F-4DF8-9C9A-BD988D89C775} = {AD50D544-C589-453C-9F28-77AEC70C242B}
		{21CBEAF1-34B8-447A-8EAB-12EE1649F9ED} = {D12C5071-FECF-4531-B913-1A6BFD6EC53B}
		{D12C5071-FECF-4531-B913-1A6BFD6EC53B} = {EF118BD0-1176-4BF6-9831-6C92289DAD7D}
		{F984F8DD-E10C-43B7-A063-A4B8C938E662} = {D12C5071-FECF-4531-B913-1A6BFD6EC53B}
		{163BF2C1-923F-4575-9A01-AE3619A06DE5} = {D12C5071-FECF-4531-B913-1A6BFD6EC53B}
		{C349AF30-5806-4022-8C6E-4B5D1FFC33D1} = {D12C5071-FECF-4531-B913-1A6BFD6EC53B}
		{DD2BDF3B-508E-4A2A-8A3A-AA5DDA67F1D7} = {D12C5071-FECF-4531-B913-1A6BFD6EC53B}
		{BB23BDEB-FAAF-49E6-9108-13CEA8C28A9A} = {D12C5071-FECF-4531-B913-1A6BFD6EC53B}
		{C6C2FE13-D9BC-4C82-BCAE-C6B5BD4DD5AF} = {46185937-F376-4BB2-A5C8-3B88479DC857}
		{C481ADA7-5F19-4617-8D35-CF6848FE6C53} = {EF118BD0-1176-4BF6-9831-6C92289DAD7D}
		{8A2E3CCC-2598-4A25-815C-13D0CDD2F5E1} = {C481ADA7-5F19-4617-8D35-CF6848FE6C53}
		{DF9A22C5-D734-4E36-AFCD-EA7EECED9C86} = {C481ADA7-5F19-4617-8D35-CF6848FE6C53}
		{906DE751-363D-46A6-A928-C6F967005AE1} = {C481ADA7-5F19-4617-8D35-CF6848FE6C53}
		{C478F37A-0BA1-40F4-8D78-2F8A01F64F22} = {C481ADA7-5F19-4617-8D35-CF6848FE6C53}
		{0B77020D-7E17-4703-93CC-608140B4A7F3} = {C481ADA7-5F19-4617-8D35-CF6848FE6C53}
		{462EEAE2-4A55-4C2A-941C-281EA42669CC} = {C481ADA7-5F19-4617-8D35-CF6848FE6C53}
		{62682A01-B18D-4599-B41B-330B68C6122A} = {C481ADA7-5F19-4617-8D35-CF6848FE6C53}
		{C33DEBB7-BEB2-4F5D-BDEF-A8FE1D940B3D} = {EF118BD0-1176-4BF6-9831-6C92289DAD7D}
		{5E6AD01C-919F-43AE-BF5D-1A15476D4B80} = {C33DEBB7-BEB2-4F5D-BDEF-A8FE1D940B3D}
		{15B4AA40-EB1E-4111-A5FA-84762332C265} = {C33DEBB7-BEB2-4F5D-BDEF-A8FE1D940B3D}
		{AB845C51-448F-4841-B51F-AB0E0027243A} = {EF118BD0-1176-4BF6-9831-6C92289DAD7D}
		{A9310FCC-6DB4-48F5-8BE2-8FF01F1DB108} = {AB845C51-448F-4841-B51F-AB0E0027243A}
		{72A18901-8FB6-42D0-A6EC-5BA39F4B8479} = {AB845C51-448F-4841-B51F-AB0E0027243A}
	EndGlobalSection
	GlobalSection(ExtensibilityGlobals) = postSolution
		SolutionGuid = {3D851984-CD53-4327-8483-7DB124D1ACAB}
	EndGlobalSection
EndGlobal
